
Microsoft Visual Studio Solution File, Format Version 12.00
# Visual Studio Version 16
VisualStudioVersion = 16.0.28917.181
MinimumVisualStudioVersion = 10.0.40219.1
Project("{FAE04EC0-301F-11D3-BF4B-00C04F79EFBC}") = "TsLabAlgoTrade", "TsLabAlgoTrade\TsLabAlgoTrade.csproj", "{BC905C12-CF57-4C36-BBC2-B6DA95D6599D}"
EndProject
Project("{FAE04EC0-301F-11D3-BF4B-00C04F79EFBC}") = "Learn", "Learn\Learn.csproj", "{2CD5C0F2-2272-4570-8CE1-2DA9046DB5DB}"
EndProject
Project("{FAE04EC0-301F-11D3-BF4B-00C04F79EFBC}") = "Cross2ma", "Cross2ma\Cross2ma.csproj", "{D8A67767-9B8A-4E4B-B1F7-8998ECC4B895}"
EndProject
Project("{FAE04EC0-301F-11D3-BF4B-00C04F79EFBC}") = "Wiki", "Wiki\Wiki.csproj", "{8E9E41C1-C95A-4009-B3C2-477508367CCB}"
EndProject
Global
	GlobalSection(SolutionConfigurationPlatforms) = preSolution
		Debug|Any CPU = Debug|Any CPU
		Release|Any CPU = Release|Any CPU
	EndGlobalSection
	GlobalSection(ProjectConfigurationPlatforms) = postSolution
		{BC905C12-CF57-4C36-BBC2-B6DA95D6599D}.Debug|Any CPU.ActiveCfg = Debug|Any CPU
		{BC905C12-CF57-4C36-BBC2-B6DA95D6599D}.Debug|Any CPU.Build.0 = Debug|Any CPU
		{BC905C12-CF57-4C36-BBC2-B6DA95D6599D}.Release|Any CPU.ActiveCfg = Release|Any CPU
		{BC905C12-CF57-4C36-BBC2-B6DA95D6599D}.Release|Any CPU.Build.0 = Release|Any CPU
		{2CD5C0F2-2272-4570-8CE1-2DA9046DB5DB}.Debug|Any CPU.ActiveCfg = Debug|Any CPU
		{2CD5C0F2-2272-4570-8CE1-2DA9046DB5DB}.Debug|Any CPU.Build.0 = Debug|Any CPU
		{2CD5C0F2-2272-4570-8CE1-2DA9046DB5DB}.Release|Any CPU.ActiveCfg = Release|Any CPU
		{2CD5C0F2-2272-4570-8CE1-2DA9046DB5DB}.Release|Any CPU.Build.0 = Release|Any CPU
		{D8A67767-9B8A-4E4B-B1F7-8998ECC4B895}.Debug|Any CPU.ActiveCfg = Debug|Any CPU
		{D8A67767-9B8A-4E4B-B1F7-8998ECC4B895}.Debug|Any CPU.Build.0 = Debug|Any CPU
		{D8A67767-9B8A-4E4B-B1F7-8998ECC4B895}.Release|Any CPU.ActiveCfg = Release|Any CPU
		{D8A67767-9B8A-4E4B-B1F7-8998ECC4B895}.Release|Any CPU.Build.0 = Release|Any CPU
		{8E9E41C1-C95A-4009-B3C2-477508367CCB}.Debug|Any CPU.ActiveCfg = Debug|Any CPU
		{8E9E41C1-C95A-4009-B3C2-477508367CCB}.Debug|Any CPU.Build.0 = Debug|Any CPU
		{8E9E41C1-C95A-4009-B3C2-477508367CCB}.Release|Any CPU.ActiveCfg = Release|Any CPU
		{8E9E41C1-C95A-4009-B3C2-477508367CCB}.Release|Any CPU.Build.0 = Release|Any CPU
	EndGlobalSection
	GlobalSection(SolutionProperties) = preSolution
		HideSolutionNode = FALSE
	EndGlobalSection
	GlobalSection(ExtensibilityGlobals) = postSolution
		SolutionGuid = {D749DE6A-32B4-4678-90BD-3FE185316242}
	EndGlobalSection
EndGlobal
